
Microsoft Visual Studio Solution File, Format Version 12.00
# Visual Studio Version 17
VisualStudioVersion = 17.10.35013.160
MinimumVisualStudioVersion = 10.0.40219.1
Project("{FAE04EC0-301F-11D3-BF4B-00C04F79EFBC}") = "SuperHeroProject", "SuperHeroProject\SuperHeroProject.csproj", "{4959ADF6-C182-4889-BD75-740DE1C9ABBD}"
EndProject
Global
	GlobalSection(SolutionConfigurationPlatforms) = preSolution
		Debug|Any CPU = Debug|Any CPU
		Release|Any CPU = Release|Any CPU
	EndGlobalSection
	GlobalSection(ProjectConfigurationPlatforms) = postSolution
		{4959ADF6-C182-4889-BD75-740DE1C9ABBD}.Debug|Any CPU.ActiveCfg = Debug|Any CPU
		{4959ADF6-C182-4889-BD75-740DE1C9ABBD}.Debug|Any CPU.Build.0 = Debug|Any CPU
		{4959ADF6-C182-4889-BD75-740DE1C9ABBD}.Release|Any CPU.ActiveCfg = Release|Any CPU
		{4959ADF6-C182-4889-BD75-740DE1C9ABBD}.Release|Any CPU.Build.0 = Release|Any CPU
	EndGlobalSection
	GlobalSection(SolutionProperties) = preSolution
		HideSolutionNode = FALSE
	EndGlobalSection
	GlobalSection(ExtensibilityGlobals) = postSolution
		SolutionGuid = {DFEF5612-1AC0-4BBE-9AE0-1CFB414BBF47}
	EndGlobalSection
EndGlobal
